
Microsoft Visual Studio Solution File, Format Version 12.00
# Visual Studio Version 17
VisualStudioVersion = 17.12.35514.174 d17.12
MinimumVisualStudioVersion = 10.0.40219.1
Project("{FAE04EC0-301F-11D3-BF4B-00C04F79EFBC}") = "Counting", "Counting\Counting\Counting.csproj", "{312B6362-349B-403B-9B55-AD3EFA7BC622}"
EndProject
Project("{FAE04EC0-301F-11D3-BF4B-00C04F79EFBC}") = "Counting.Shared", "Counting\Counting.Shared\Counting.Shared.csproj", "{BD9F0FAF-F6EF-4EFE-ACBD-B7716D7F6A73}"
EndProject
Project("{FAE04EC0-301F-11D3-BF4B-00C04F79EFBC}") = "Counting.Web", "Counting\Counting.Web\Counting.Web.csproj", "{7030A2F5-5AE6-439B-BC50-29A6C2C1571E}"
EndProject
Project("{FAE04EC0-301F-11D3-BF4B-00C04F79EFBC}") = "Counting.Web.Client", "Counting\Counting.Web.Client\Counting.Web.Client.csproj", "{9F2E5FE1-320D-4E3E-A119-A548A7CDC6D7}"
EndProject
Global
	GlobalSection(SolutionConfigurationPlatforms) = preSolution
		Debug|Any CPU = Debug|Any CPU
		Release|Any CPU = Release|Any CPU
	EndGlobalSection
	GlobalSection(ProjectConfigurationPlatforms) = postSolution
		{312B6362-349B-403B-9B55-AD3EFA7BC622}.Debug|Any CPU.ActiveCfg = Debug|Any CPU
		{312B6362-349B-403B-9B55-AD3EFA7BC622}.Debug|Any CPU.Build.0 = Debug|Any CPU
		{312B6362-349B-403B-9B55-AD3EFA7BC622}.Release|Any CPU.ActiveCfg = Release|Any CPU
		{312B6362-349B-403B-9B55-AD3EFA7BC622}.Release|Any CPU.Build.0 = Release|Any CPU
		{BD9F0FAF-F6EF-4EFE-ACBD-B7716D7F6A73}.Debug|Any CPU.ActiveCfg = Debug|Any CPU
		{BD9F0FAF-F6EF-4EFE-ACBD-B7716D7F6A73}.Debug|Any CPU.Build.0 = Debug|Any CPU
		{BD9F0FAF-F6EF-4EFE-ACBD-B7716D7F6A73}.Release|Any CPU.ActiveCfg = Release|Any CPU
		{BD9F0FAF-F6EF-4EFE-ACBD-B7716D7F6A73}.Release|Any CPU.Build.0 = Release|Any CPU
		{7030A2F5-5AE6-439B-BC50-29A6C2C1571E}.Debug|Any CPU.ActiveCfg = Debug|Any CPU
		{7030A2F5-5AE6-439B-BC50-29A6C2C1571E}.Debug|Any CPU.Build.0 = Debug|Any CPU
		{7030A2F5-5AE6-439B-BC50-29A6C2C1571E}.Release|Any CPU.ActiveCfg = Release|Any CPU
		{7030A2F5-5AE6-439B-BC50-29A6C2C1571E}.Release|Any CPU.Build.0 = Release|Any CPU
		{D988CBD5-41B9-4848-B320-B6A562CF4276}.Debug|Any CPU.ActiveCfg = Debug|Any CPU
		{D988CBD5-41B9-4848-B320-B6A562CF4276}.Debug|Any CPU.Build.0 = Debug|Any CPU
		{D988CBD5-41B9-4848-B320-B6A562CF4276}.Release|Any CPU.ActiveCfg = Release|Any CPU
		{D988CBD5-41B9-4848-B320-B6A562CF4276}.Release|Any CPU.Build.0 = Release|Any CPU
		{9F2E5FE1-320D-4E3E-A119-A548A7CDC6D7}.Debug|Any CPU.ActiveCfg = Debug|Any CPU
		{9F2E5FE1-320D-4E3E-A119-A548A7CDC6D7}.Debug|Any CPU.Build.0 = Debug|Any CPU
		{9F2E5FE1-320D-4E3E-A119-A548A7CDC6D7}.Release|Any CPU.ActiveCfg = Release|Any CPU
		{9F2E5FE1-320D-4E3E-A119-A548A7CDC6D7}.Release|Any CPU.Build.0 = Release|Any CPU
	EndGlobalSection
	GlobalSection(SolutionProperties) = preSolution
		HideSolutionNode = FALSE
	EndGlobalSection
EndGlobal
